
Microsoft Visual Studio Solution File, Format Version 12.00
# Visual Studio Version 16
VisualStudioVersion = 16.0.29215.179
MinimumVisualStudioVersion = 10.0.40219.1
Project("{FAE04EC0-301F-11D3-BF4B-00C04F79EFBC}") = "DAL", "DAL\DAL.csproj", "{7D24EA87-315A-422E-B87D-CDE79E133063}"
EndProject
Project("{FAE04EC0-301F-11D3-BF4B-00C04F79EFBC}") = "Site01", "Site01\Site01.csproj", "{2CB4CBA9-FE88-4DD4-AA27-878009D8CD6C}"
EndProject
Global
	GlobalSection(SolutionConfigurationPlatforms) = preSolution
		Debug|Any CPU = Debug|Any CPU
		Release|Any CPU = Release|Any CPU
	EndGlobalSection
	GlobalSection(ProjectConfigurationPlatforms) = postSolution
		{7D24EA87-315A-422E-B87D-CDE79E133063}.Debug|Any CPU.ActiveCfg = Debug|Any CPU
		{7D24EA87-315A-422E-B87D-CDE79E133063}.Debug|Any CPU.Build.0 = Debug|Any CPU
		{7D24EA87-315A-422E-B87D-CDE79E133063}.Release|Any CPU.ActiveCfg = Release|Any CPU
		{7D24EA87-315A-422E-B87D-CDE79E133063}.Release|Any CPU.Build.0 = Release|Any CPU
		{2CB4CBA9-FE88-4DD4-AA27-878009D8CD6C}.Debug|Any CPU.ActiveCfg = Debug|Any CPU
		{2CB4CBA9-FE88-4DD4-AA27-878009D8CD6C}.Debug|Any CPU.Build.0 = Debug|Any CPU
		{2CB4CBA9-FE88-4DD4-AA27-878009D8CD6C}.Release|Any CPU.ActiveCfg = Release|Any CPU
		{2CB4CBA9-FE88-4DD4-AA27-878009D8CD6C}.Release|Any CPU.Build.0 = Release|Any CPU
	EndGlobalSection
	GlobalSection(SolutionProperties) = preSolution
		HideSolutionNode = FALSE
	EndGlobalSection
	GlobalSection(ExtensibilityGlobals) = postSolution
		SolutionGuid = {D7316A82-34B1-499E-BF46-14017D34314A}
	EndGlobalSection
EndGlobal
